
Microsoft Visual Studio Solution File, Format Version 12.00
# Visual Studio Version 17
VisualStudioVersion = 17.1.32414.318
MinimumVisualStudioVersion = 10.0.40219.1
Project("{FAE04EC0-301F-11D3-BF4B-00C04F79EFBC}") = "DependencyInjectionLoggingExample", "DependencyInjectionLoggingExample\DependencyInjectionLoggingExample.csproj", "{6A7C66B2-CC18-4718-A7A8-447B1EB674FE}"
EndProject
Global
	GlobalSection(SolutionConfigurationPlatforms) = preSolution
		Debug|Any CPU = Debug|Any CPU
		Release|Any CPU = Release|Any CPU
	EndGlobalSection
	GlobalSection(ProjectConfigurationPlatforms) = postSolution
		{6A7C66B2-CC18-4718-A7A8-447B1EB674FE}.Debug|Any CPU.ActiveCfg = Debug|Any CPU
		{6A7C66B2-CC18-4718-A7A8-447B1EB674FE}.Debug|Any CPU.Build.0 = Debug|Any CPU
		{6A7C66B2-CC18-4718-A7A8-447B1EB674FE}.Release|Any CPU.ActiveCfg = Release|Any CPU
		{6A7C66B2-CC18-4718-A7A8-447B1EB674FE}.Release|Any CPU.Build.0 = Release|Any CPU
	EndGlobalSection
	GlobalSection(SolutionProperties) = preSolution
		HideSolutionNode = FALSE
	EndGlobalSection
	GlobalSection(ExtensibilityGlobals) = postSolution
		SolutionGuid = {0E3084B8-43A4-4C66-8A4E-61EF66EE7F7B}
	EndGlobalSection
EndGlobal
